
Microsoft Visual Studio Solution File, Format Version 12.00
# Visual Studio Version 16
VisualStudioVersion = 16.0.808.4
MinimumVisualStudioVersion = 10.0.40219.1
Project("{FAE04EC0-301F-11D3-BF4B-00C04F79EFBC}") = "002Array_FindMaxMin", "002Array_FindMaxMin\002Array_FindMaxMin.csproj", "{00054946-D76B-4A58-8ADD-398C169EEFAA}"
EndProject
Global
	GlobalSection(SolutionConfigurationPlatforms) = preSolution
		Debug|anycpu = Debug|anycpu
		Release|anycpu = Release|anycpu
	EndGlobalSection
	GlobalSection(ProjectConfigurationPlatforms) = postSolution
		{00054946-D76B-4A58-8ADD-398C169EEFAA}.Debug|anycpu.ActiveCfg = Debug|anycpu
		{00054946-D76B-4A58-8ADD-398C169EEFAA}.Debug|anycpu.Build.0 = Debug|anycpu
		{00054946-D76B-4A58-8ADD-398C169EEFAA}.Release|anycpu.ActiveCfg = Release|anycpu
		{00054946-D76B-4A58-8ADD-398C169EEFAA}.Release|anycpu.Build.0 = Release|anycpu
	EndGlobalSection
	GlobalSection(SolutionProperties) = preSolution
		HideSolutionNode = FALSE
	EndGlobalSection
	GlobalSection(ExtensibilityGlobals) = postSolution
		SolutionGuid = {4065FF23-6990-414C-BB64-94E4E1608A12}
	EndGlobalSection
EndGlobal
