
Microsoft Visual Studio Solution File, Format Version 12.00
# Visual Studio Version 16
VisualStudioVersion = 16.0.808.4
MinimumVisualStudioVersion = 10.0.40219.1
Project("{FAE04EC0-301F-11D3-BF4B-00C04F79EFBC}") = "001ArraysPrint", "001ArraysPrint\001ArraysPrint.csproj", "{40F3EA02-1F79-4503-8421-46AD7A5EF268}"
EndProject
Global
	GlobalSection(SolutionConfigurationPlatforms) = preSolution
		Debug|anycpu = Debug|anycpu
		Release|anycpu = Release|anycpu
	EndGlobalSection
	GlobalSection(ProjectConfigurationPlatforms) = postSolution
		{40F3EA02-1F79-4503-8421-46AD7A5EF268}.Debug|anycpu.ActiveCfg = Debug|anycpu
		{40F3EA02-1F79-4503-8421-46AD7A5EF268}.Debug|anycpu.Build.0 = Debug|anycpu
		{40F3EA02-1F79-4503-8421-46AD7A5EF268}.Release|anycpu.ActiveCfg = Release|anycpu
		{40F3EA02-1F79-4503-8421-46AD7A5EF268}.Release|anycpu.Build.0 = Release|anycpu
	EndGlobalSection
	GlobalSection(SolutionProperties) = preSolution
		HideSolutionNode = FALSE
	EndGlobalSection
	GlobalSection(ExtensibilityGlobals) = postSolution
		SolutionGuid = {32044521-BAB0-4CF6-A20F-650C1B6CBA5F}
	EndGlobalSection
EndGlobal
