
Microsoft Visual Studio Solution File, Format Version 12.00
# Visual Studio Version 16
VisualStudioVersion = 16.0.809.1
MinimumVisualStudioVersion = 10.0.40219.1
Project("{FAE04EC0-301F-11D3-BF4B-00C04F79EFBC}") = "021StaircaseProblem3Step", "021StaircaseProblem3Step\021StaircaseProblem3Step.csproj", "{C0203122-A39E-4BE8-89D0-3F6591F440F5}"
EndProject
Global
	GlobalSection(SolutionConfigurationPlatforms) = preSolution
		Debug|anycpu = Debug|anycpu
		Release|anycpu = Release|anycpu
	EndGlobalSection
	GlobalSection(ProjectConfigurationPlatforms) = postSolution
		{C0203122-A39E-4BE8-89D0-3F6591F440F5}.Debug|anycpu.ActiveCfg = Debug|anycpu
		{C0203122-A39E-4BE8-89D0-3F6591F440F5}.Debug|anycpu.Build.0 = Debug|anycpu
		{C0203122-A39E-4BE8-89D0-3F6591F440F5}.Release|anycpu.ActiveCfg = Release|anycpu
		{C0203122-A39E-4BE8-89D0-3F6591F440F5}.Release|anycpu.Build.0 = Release|anycpu
	EndGlobalSection
	GlobalSection(SolutionProperties) = preSolution
		HideSolutionNode = FALSE
	EndGlobalSection
	GlobalSection(ExtensibilityGlobals) = postSolution
		SolutionGuid = {8782F524-FB48-4BCE-AE04-E6A8B6F698CD}
	EndGlobalSection
EndGlobal
