
Microsoft Visual Studio Solution File, Format Version 12.00
# Visual Studio Version 16
VisualStudioVersion = 16.0.809.1
MinimumVisualStudioVersion = 10.0.40219.1
Project("{FAE04EC0-301F-11D3-BF4B-00C04F79EFBC}") = "016ArrayFindAllDuplicates", "016ArrayFindAllDuplicates\016ArrayFindAllDuplicates.csproj", "{2A95AD93-24C6-4438-B216-233F65ABA121}"
EndProject
Global
	GlobalSection(SolutionConfigurationPlatforms) = preSolution
		Debug|anycpu = Debug|anycpu
		Release|anycpu = Release|anycpu
	EndGlobalSection
	GlobalSection(ProjectConfigurationPlatforms) = postSolution
		{2A95AD93-24C6-4438-B216-233F65ABA121}.Debug|anycpu.ActiveCfg = Debug|anycpu
		{2A95AD93-24C6-4438-B216-233F65ABA121}.Debug|anycpu.Build.0 = Debug|anycpu
		{2A95AD93-24C6-4438-B216-233F65ABA121}.Release|anycpu.ActiveCfg = Release|anycpu
		{2A95AD93-24C6-4438-B216-233F65ABA121}.Release|anycpu.Build.0 = Release|anycpu
	EndGlobalSection
	GlobalSection(SolutionProperties) = preSolution
		HideSolutionNode = FALSE
	EndGlobalSection
	GlobalSection(ExtensibilityGlobals) = postSolution
		SolutionGuid = {00B310FF-52EA-4A77-9542-A9BC4A457272}
	EndGlobalSection
EndGlobal
