
Microsoft Visual Studio Solution File, Format Version 12.00
# Visual Studio Version 16
VisualStudioVersion = 16.0.808.4
MinimumVisualStudioVersion = 10.0.40219.1
Project("{FAE04EC0-301F-11D3-BF4B-00C04F79EFBC}") = "014ArrayGroupAnagrams", "014ArrayGroupAnagrams\014ArrayGroupAnagrams.csproj", "{4679CA34-2E82-4F12-9F8E-95C98E8D6728}"
EndProject
Global
	GlobalSection(SolutionConfigurationPlatforms) = preSolution
		Debug|anycpu = Debug|anycpu
		Release|anycpu = Release|anycpu
	EndGlobalSection
	GlobalSection(ProjectConfigurationPlatforms) = postSolution
		{4679CA34-2E82-4F12-9F8E-95C98E8D6728}.Debug|anycpu.ActiveCfg = Debug|anycpu
		{4679CA34-2E82-4F12-9F8E-95C98E8D6728}.Debug|anycpu.Build.0 = Debug|anycpu
		{4679CA34-2E82-4F12-9F8E-95C98E8D6728}.Release|anycpu.ActiveCfg = Release|anycpu
		{4679CA34-2E82-4F12-9F8E-95C98E8D6728}.Release|anycpu.Build.0 = Release|anycpu
	EndGlobalSection
	GlobalSection(SolutionProperties) = preSolution
		HideSolutionNode = FALSE
	EndGlobalSection
	GlobalSection(ExtensibilityGlobals) = postSolution
		SolutionGuid = {E48A2FE8-346D-49C6-9EF8-A74FBA06D8D5}
	EndGlobalSection
EndGlobal
